
Microsoft Visual Studio Solution File, Format Version 12.00
Project("{FAE04EC0-301F-11D3-BF4B-00C04F79EFBC}") = "NovaGateBackend", "NovaGateBackend\NovaGateBackend.csproj", "{6C7DD707-E0EC-4FC8-BD09-EC97A4741475}"
EndProject
Project("{FAE04EC0-301F-11D3-BF4B-00C04F79EFBC}") = "NovaGateFrontend", "NovaGateFrontend\NovaGateFrontend.csproj", "{A8F98ABA-26FD-4498-ADCC-B20020817D2C}"
EndProject
Global
	GlobalSection(SolutionConfigurationPlatforms) = preSolution
		Debug|Any CPU = Debug|Any CPU
		Release|Any CPU = Release|Any CPU
	EndGlobalSection
	GlobalSection(ProjectConfigurationPlatforms) = postSolution
		{6C7DD707-E0EC-4FC8-BD09-EC97A4741475}.Debug|Any CPU.ActiveCfg = Debug|Any CPU
		{6C7DD707-E0EC-4FC8-BD09-EC97A4741475}.Debug|Any CPU.Build.0 = Debug|Any CPU
		{6C7DD707-E0EC-4FC8-BD09-EC97A4741475}.Release|Any CPU.ActiveCfg = Release|Any CPU
		{6C7DD707-E0EC-4FC8-BD09-EC97A4741475}.Release|Any CPU.Build.0 = Release|Any CPU
		{A8F98ABA-26FD-4498-ADCC-B20020817D2C}.Debug|Any CPU.ActiveCfg = Debug|Any CPU
		{A8F98ABA-26FD-4498-ADCC-B20020817D2C}.Debug|Any CPU.Build.0 = Debug|Any CPU
		{A8F98ABA-26FD-4498-ADCC-B20020817D2C}.Release|Any CPU.ActiveCfg = Release|Any CPU
		{A8F98ABA-26FD-4498-ADCC-B20020817D2C}.Release|Any CPU.Build.0 = Release|Any CPU
	EndGlobalSection
EndGlobal
